// !$*UTF8*$!
{
	archiveVersion = 1;
	classes = {
	};
	objectVersion = 55;
	objects = {

/* Begin PBXBuildFile section */
		027E3F26283759FB00F17ABA /* AppDelegate.swift in Sources */ = {isa = PBXBuildFile; fileRef = 027E3F25283759FB00F17ABA /* AppDelegate.swift */; };
		027E3F28283759FB00F17ABA /* SceneDelegate.swift in Sources */ = {isa = PBXBuildFile; fileRef = 027E3F27283759FB00F17ABA /* SceneDelegate.swift */; };
		027E3F2F283759FC00F17ABA /* Assets.xcassets in Resources */ = {isa = PBXBuildFile; fileRef = 027E3F2E283759FC00F17ABA /* Assets.xcassets */; };
		027E3F32283759FC00F17ABA /* LaunchScreen.storyboard in Resources */ = {isa = PBXBuildFile; fileRef = 027E3F30283759FC00F17ABA /* LaunchScreen.storyboard */; };
		027E3F3D283759FC00F17ABA /* SecurePacketEnvelopeTests.swift in Sources */ = {isa = PBXBuildFile; fileRef = 027E3F3C283759FC00F17ABA /* SecurePacketEnvelopeTests.swift */; };
		027E3F47283759FC00F17ABA /* SecurePacketEnvelopeUITests.swift in Sources */ = {isa = PBXBuildFile; fileRef = 027E3F46283759FC00F17ABA /* SecurePacketEnvelopeUITests.swift */; };
		027E3F49283759FC00F17ABA /* SecurePacketEnvelopeUITestsLaunchTests.swift in Sources */ = {isa = PBXBuildFile; fileRef = 027E3F48283759FC00F17ABA /* SecurePacketEnvelopeUITestsLaunchTests.swift */; };
		027E3F5628375A3800F17ABA /* MainViewController.swift in Sources */ = {isa = PBXBuildFile; fileRef = 027E3F5528375A3800F17ABA /* MainViewController.swift */; };
		027E3F5D28375C2000F17ABA /* UserMockData.swift in Sources */ = {isa = PBXBuildFile; fileRef = 027E3F5C28375C2000F17ABA /* UserMockData.swift */; };
		027E3F642837716000F17ABA /* Encodable + Extension.swift in Sources */ = {isa = PBXBuildFile; fileRef = 027E3F632837716000F17ABA /* Encodable + Extension.swift */; };
		027E3F67283771A600F17ABA /* UserModel.swift in Sources */ = {isa = PBXBuildFile; fileRef = 027E3F66283771A600F17ABA /* UserModel.swift */; };
		A80184C7283B6B4E0001BD68 /* MainViewModel.swift in Sources */ = {isa = PBXBuildFile; fileRef = A80184C6283B6B4E0001BD68 /* MainViewModel.swift */; };
		A80184CA283B6BE60001BD68 /* Constants.swift in Sources */ = {isa = PBXBuildFile; fileRef = A80184C9283B6BE60001BD68 /* Constants.swift */; };
		A80184CC283B6FFE0001BD68 /* Extension + TextField.swift in Sources */ = {isa = PBXBuildFile; fileRef = A80184CB283B6FFE0001BD68 /* Extension + TextField.swift */; };
		A80BA4F928573784005D84F2 /* AESHelper.swift in Sources */ = {isa = PBXBuildFile; fileRef = A80BA4F828573784005D84F2 /* AESHelper.swift */; };
		A81701F3285073BF0034D102 /* RSAHelper.swift in Sources */ = {isa = PBXBuildFile; fileRef = A81701F2285073BF0034D102 /* RSAHelper.swift */; };
		A81DEF0F2855EE02008B2D38 /* MainView.swift in Sources */ = {isa = PBXBuildFile; fileRef = A81DEF0E2855EE02008B2D38 /* MainView.swift */; };
		A82929152841F14E0012ECF5 /* UITopAlignedLabel.swift in Sources */ = {isa = PBXBuildFile; fileRef = A82929142841F14E0012ECF5 /* UITopAlignedLabel.swift */; };
		A844DD0728DAF3A9008873F8 /* RequestJsonModel.swift in Sources */ = {isa = PBXBuildFile; fileRef = A844DD0628DAF3A9008873F8 /* RequestJsonModel.swift */; };
		A873723128E1914B00EEADD1 /* RequestSecureEnvelop.swift in Sources */ = {isa = PBXBuildFile; fileRef = A873723028E1914B00EEADD1 /* RequestSecureEnvelop.swift */; };
		A8AB7BCA28D843F6005AB00B /* CryptoKeyGenerator.swift in Sources */ = {isa = PBXBuildFile; fileRef = A8AB7BC928D843F6005AB00B /* CryptoKeyGenerator.swift */; };
		A8F029D828DC300800E0ECD2 /* DetailView.swift in Sources */ = {isa = PBXBuildFile; fileRef = A8F029D728DC300800E0ECD2 /* DetailView.swift */; };
		A8F029DA28DC3DEC00E0ECD2 /* DetailViewController.swift in Sources */ = {isa = PBXBuildFile; fileRef = A8F029D928DC3DEC00E0ECD2 /* DetailViewController.swift */; };
/* End PBXBuildFile section */

/* Begin PBXContainerItemProxy section */
		027E3F39283759FC00F17ABA /* PBXContainerItemProxy */ = {
			isa = PBXContainerItemProxy;
			containerPortal = 027E3F1A283759FB00F17ABA /* Project object */;
			proxyType = 1;
			remoteGlobalIDString = 027E3F21283759FB00F17ABA;
			remoteInfo = SecurePacketEnvelope;
		};
		027E3F43283759FC00F17ABA /* PBXContainerItemProxy */ = {
			isa = PBXContainerItemProxy;
			containerPortal = 027E3F1A283759FB00F17ABA /* Project object */;
			proxyType = 1;
			remoteGlobalIDString = 027E3F21283759FB00F17ABA;
			remoteInfo = SecurePacketEnvelope;
		};
/* End PBXContainerItemProxy section */

/* Begin PBXFileReference section */
		027E3F22283759FB00F17ABA /* SecurePacketEnvelope.app */ = {isa = PBXFileReference; explicitFileType = wrapper.application; includeInIndex = 0; path = SecurePacketEnvelope.app; sourceTree = BUILT_PRODUCTS_DIR; };
		027E3F25283759FB00F17ABA /* AppDelegate.swift */ = {isa = PBXFileReference; lastKnownFileType = sourcecode.swift; path = AppDelegate.swift; sourceTree = "<group>"; };
		027E3F27283759FB00F17ABA /* SceneDelegate.swift */ = {isa = PBXFileReference; lastKnownFileType = sourcecode.swift; path = SceneDelegate.swift; sourceTree = "<group>"; };
		027E3F2E283759FC00F17ABA /* Assets.xcassets */ = {isa = PBXFileReference; lastKnownFileType = folder.assetcatalog; path = Assets.xcassets; sourceTree = "<group>"; };
		027E3F31283759FC00F17ABA /* Base */ = {isa = PBXFileReference; lastKnownFileType = file.storyboard; name = Base; path = Base.lproj/LaunchScreen.storyboard; sourceTree = "<group>"; };
		027E3F33283759FC00F17ABA /* Info.plist */ = {isa = PBXFileReference; lastKnownFileType = text.plist.xml; path = Info.plist; sourceTree = "<group>"; };
		027E3F38283759FC00F17ABA /* SecurePacketEnvelopeTests.xctest */ = {isa = PBXFileReference; explicitFileType = wrapper.cfbundle; includeInIndex = 0; path = SecurePacketEnvelopeTests.xctest; sourceTree = BUILT_PRODUCTS_DIR; };
		027E3F3C283759FC00F17ABA /* SecurePacketEnvelopeTests.swift */ = {isa = PBXFileReference; lastKnownFileType = sourcecode.swift; path = SecurePacketEnvelopeTests.swift; sourceTree = "<group>"; };
		027E3F42283759FC00F17ABA /* SecurePacketEnvelopeUITests.xctest */ = {isa = PBXFileReference; explicitFileType = wrapper.cfbundle; includeInIndex = 0; path = SecurePacketEnvelopeUITests.xctest; sourceTree = BUILT_PRODUCTS_DIR; };
		027E3F46283759FC00F17ABA /* SecurePacketEnvelopeUITests.swift */ = {isa = PBXFileReference; lastKnownFileType = sourcecode.swift; path = SecurePacketEnvelopeUITests.swift; sourceTree = "<group>"; };
		027E3F48283759FC00F17ABA /* SecurePacketEnvelopeUITestsLaunchTests.swift */ = {isa = PBXFileReference; lastKnownFileType = sourcecode.swift; path = SecurePacketEnvelopeUITestsLaunchTests.swift; sourceTree = "<group>"; };
		027E3F5528375A3800F17ABA /* MainViewController.swift */ = {isa = PBXFileReference; lastKnownFileType = sourcecode.swift; path = MainViewController.swift; sourceTree = "<group>"; };
		027E3F5C28375C2000F17ABA /* UserMockData.swift */ = {isa = PBXFileReference; lastKnownFileType = sourcecode.swift; path = UserMockData.swift; sourceTree = "<group>"; };
		027E3F632837716000F17ABA /* Encodable + Extension.swift */ = {isa = PBXFileReference; lastKnownFileType = sourcecode.swift; path = "Encodable + Extension.swift"; sourceTree = "<group>"; };
		027E3F66283771A600F17ABA /* UserModel.swift */ = {isa = PBXFileReference; lastKnownFileType = sourcecode.swift; path = UserModel.swift; sourceTree = "<group>"; };
		A80184C6283B6B4E0001BD68 /* MainViewModel.swift */ = {isa = PBXFileReference; lastKnownFileType = sourcecode.swift; path = MainViewModel.swift; sourceTree = "<group>"; };
		A80184C9283B6BE60001BD68 /* Constants.swift */ = {isa = PBXFileReference; lastKnownFileType = sourcecode.swift; path = Constants.swift; sourceTree = "<group>"; };
		A80184CB283B6FFE0001BD68 /* Extension + TextField.swift */ = {isa = PBXFileReference; lastKnownFileType = sourcecode.swift; path = "Extension + TextField.swift"; sourceTree = "<group>"; };
		A80BA4F828573784005D84F2 /* AESHelper.swift */ = {isa = PBXFileReference; lastKnownFileType = sourcecode.swift; path = AESHelper.swift; sourceTree = "<group>"; };
		A81701F2285073BF0034D102 /* RSAHelper.swift */ = {isa = PBXFileReference; lastKnownFileType = sourcecode.swift; path = RSAHelper.swift; sourceTree = "<group>"; };
		A81DEF0E2855EE02008B2D38 /* MainView.swift */ = {isa = PBXFileReference; lastKnownFileType = sourcecode.swift; path = MainView.swift; sourceTree = "<group>"; };
		A82929142841F14E0012ECF5 /* UITopAlignedLabel.swift */ = {isa = PBXFileReference; lastKnownFileType = sourcecode.swift; path = UITopAlignedLabel.swift; sourceTree = "<group>"; };
		A844DD0628DAF3A9008873F8 /* RequestJsonModel.swift */ = {isa = PBXFileReference; lastKnownFileType = sourcecode.swift; path = RequestJsonModel.swift; sourceTree = "<group>"; };
		A873723028E1914B00EEADD1 /* RequestSecureEnvelop.swift */ = {isa = PBXFileReference; lastKnownFileType = sourcecode.swift; path = RequestSecureEnvelop.swift; sourceTree = "<group>"; };
		A8AB7BC928D843F6005AB00B /* CryptoKeyGenerator.swift */ = {isa = PBXFileReference; lastKnownFileType = sourcecode.swift; path = CryptoKeyGenerator.swift; sourceTree = "<group>"; };
		A8F029D728DC300800E0ECD2 /* DetailView.swift */ = {isa = PBXFileReference; lastKnownFileType = sourcecode.swift; path = DetailView.swift; sourceTree = "<group>"; };
		A8F029D928DC3DEC00E0ECD2 /* DetailViewController.swift */ = {isa = PBXFileReference; lastKnownFileType = sourcecode.swift; path = DetailViewController.swift; sourceTree = "<group>"; };
/* End PBXFileReference section */

/* Begin PBXFrameworksBuildPhase section */
		027E3F1F283759FB00F17ABA /* Frameworks */ = {
			isa = PBXFrameworksBuildPhase;
			buildActionMask = 2147483647;
			files = (
			);
			runOnlyForDeploymentPostprocessing = 0;
		};
		027E3F35283759FC00F17ABA /* Frameworks */ = {
			isa = PBXFrameworksBuildPhase;
			buildActionMask = 2147483647;
			files = (
			);
			runOnlyForDeploymentPostprocessing = 0;
		};
		027E3F3F283759FC00F17ABA /* Frameworks */ = {
			isa = PBXFrameworksBuildPhase;
			buildActionMask = 2147483647;
			files = (
			);
			runOnlyForDeploymentPostprocessing = 0;
		};
/* End PBXFrameworksBuildPhase section */

/* Begin PBXGroup section */
		027E3F19283759FB00F17ABA = {
			isa = PBXGroup;
			children = (
				027E3F24283759FB00F17ABA /* SecurePacketEnvelope */,
				027E3F3B283759FC00F17ABA /* SecurePacketEnvelopeTests */,
				027E3F45283759FC00F17ABA /* SecurePacketEnvelopeUITests */,
				027E3F23283759FB00F17ABA /* Products */,
			);
			sourceTree = "<group>";
		};
		027E3F23283759FB00F17ABA /* Products */ = {
			isa = PBXGroup;
			children = (
				027E3F22283759FB00F17ABA /* SecurePacketEnvelope.app */,
				027E3F38283759FC00F17ABA /* SecurePacketEnvelopeTests.xctest */,
				027E3F42283759FC00F17ABA /* SecurePacketEnvelopeUITests.xctest */,
			);
			name = Products;
			sourceTree = "<group>";
		};
		027E3F24283759FB00F17ABA /* SecurePacketEnvelope */ = {
			isa = PBXGroup;
			children = (
				027E3F5828375A4F00F17ABA /* Classes */,
				027E3F652837718B00F17ABA /* Model */,
				027E3F5728375A3C00F17ABA /* View */,
				A80184C5283B6B370001BD68 /* ViewModel */,
				027E3F25283759FB00F17ABA /* AppDelegate.swift */,
				027E3F27283759FB00F17ABA /* SceneDelegate.swift */,
				027E3F2E283759FC00F17ABA /* Assets.xcassets */,
				027E3F30283759FC00F17ABA /* LaunchScreen.storyboard */,
				027E3F33283759FC00F17ABA /* Info.plist */,
			);
			path = SecurePacketEnvelope;
			sourceTree = "<group>";
		};
		027E3F3B283759FC00F17ABA /* SecurePacketEnvelopeTests */ = {
			isa = PBXGroup;
			children = (
				027E3F3C283759FC00F17ABA /* SecurePacketEnvelopeTests.swift */,
			);
			path = SecurePacketEnvelopeTests;
			sourceTree = "<group>";
		};
		027E3F45283759FC00F17ABA /* SecurePacketEnvelopeUITests */ = {
			isa = PBXGroup;
			children = (
				027E3F46283759FC00F17ABA /* SecurePacketEnvelopeUITests.swift */,
				027E3F48283759FC00F17ABA /* SecurePacketEnvelopeUITestsLaunchTests.swift */,
			);
			path = SecurePacketEnvelopeUITests;
			sourceTree = "<group>";
		};
		027E3F5728375A3C00F17ABA /* View */ = {
			isa = PBXGroup;
			children = (
				027E3F5928375A5B00F17ABA /* Main */,
				A8F029D628DC2F8D00E0ECD2 /* Detail(Server) */,
			);
			path = View;
			sourceTree = "<group>";
		};
		027E3F5828375A4F00F17ABA /* Classes */ = {
			isa = PBXGroup;
			children = (
				A8127D2C284738D1001E625E /* Encryption */,
				027E3F5E28375E6600F17ABA /* Extensions */,
				A82929142841F14E0012ECF5 /* UITopAlignedLabel.swift */,
				A80184C9283B6BE60001BD68 /* Constants.swift */,
			);
			path = Classes;
			sourceTree = "<group>";
		};
		027E3F5928375A5B00F17ABA /* Main */ = {
			isa = PBXGroup;
			children = (
				A81DEF0E2855EE02008B2D38 /* MainView.swift */,
				027E3F5528375A3800F17ABA /* MainViewController.swift */,
			);
			path = Main;
			sourceTree = "<group>";
		};
		027E3F5E28375E6600F17ABA /* Extensions */ = {
			isa = PBXGroup;
			children = (
				027E3F632837716000F17ABA /* Encodable + Extension.swift */,
				A80184CB283B6FFE0001BD68 /* Extension + TextField.swift */,
			);
			path = Extensions;
			sourceTree = "<group>";
		};
		027E3F652837718B00F17ABA /* Model */ = {
			isa = PBXGroup;
			children = (
				027E3F66283771A600F17ABA /* UserModel.swift */,
				027E3F5C28375C2000F17ABA /* UserMockData.swift */,
				A844DD0628DAF3A9008873F8 /* RequestJsonModel.swift */,
				A873723028E1914B00EEADD1 /* RequestSecureEnvelop.swift */,
			);
			path = Model;
			sourceTree = "<group>";
		};
		A80184C5283B6B370001BD68 /* ViewModel */ = {
			isa = PBXGroup;
			children = (
				A80184C8283B6B540001BD68 /* Main */,
			);
			path = ViewModel;
			sourceTree = "<group>";
		};
		A80184C8283B6B540001BD68 /* Main */ = {
			isa = PBXGroup;
			children = (
				A80184C6283B6B4E0001BD68 /* MainViewModel.swift */,
			);
			path = Main;
			sourceTree = "<group>";
		};
		A8127D2C284738D1001E625E /* Encryption */ = {
			isa = PBXGroup;
			children = (
				A87D996C28D99AA4005EFA4C /* CryptoKeyGenerator */,
				A81701EE28506B0F0034D102 /* AESHelper */,
				A81701ED28506B050034D102 /* RSAHelper */,
			);
			path = Encryption;
			sourceTree = "<group>";
		};
		A81701ED28506B050034D102 /* RSAHelper */ = {
			isa = PBXGroup;
			children = (
				A81701F2285073BF0034D102 /* RSAHelper.swift */,
			);
			path = RSAHelper;
			sourceTree = "<group>";
		};
		A81701EE28506B0F0034D102 /* AESHelper */ = {
			isa = PBXGroup;
			children = (
				A80BA4F828573784005D84F2 /* AESHelper.swift */,
			);
			path = AESHelper;
			sourceTree = "<group>";
		};
		A87D996C28D99AA4005EFA4C /* CryptoKeyGenerator */ = {
			isa = PBXGroup;
			children = (
				A8AB7BC928D843F6005AB00B /* CryptoKeyGenerator.swift */,
			);
			path = CryptoKeyGenerator;
			sourceTree = "<group>";
		};
		A8F029D628DC2F8D00E0ECD2 /* Detail(Server) */ = {
			isa = PBXGroup;
			children = (
				A8F029D728DC300800E0ECD2 /* DetailView.swift */,
				A8F029D928DC3DEC00E0ECD2 /* DetailViewController.swift */,
			);
			path = "Detail(Server)";
			sourceTree = "<group>";
		};
/* End PBXGroup section */

/* Begin PBXNativeTarget section */
		027E3F21283759FB00F17ABA /* SecurePacketEnvelope */ = {
			isa = PBXNativeTarget;
			buildConfigurationList = 027E3F4C283759FC00F17ABA /* Build configuration list for PBXNativeTarget "SecurePacketEnvelope" */;
			buildPhases = (
				027E3F1E283759FB00F17ABA /* Sources */,
				027E3F1F283759FB00F17ABA /* Frameworks */,
				027E3F20283759FB00F17ABA /* Resources */,
			);
			buildRules = (
			);
			dependencies = (
			);
			name = SecurePacketEnvelope;
			productName = SecurePacketEnvelope;
			productReference = 027E3F22283759FB00F17ABA /* SecurePacketEnvelope.app */;
			productType = "com.apple.product-type.application";
		};
		027E3F37283759FC00F17ABA /* SecurePacketEnvelopeTests */ = {
			isa = PBXNativeTarget;
			buildConfigurationList = 027E3F4F283759FC00F17ABA /* Build configuration list for PBXNativeTarget "SecurePacketEnvelopeTests" */;
			buildPhases = (
				027E3F34283759FC00F17ABA /* Sources */,
				027E3F35283759FC00F17ABA /* Frameworks */,
				027E3F36283759FC00F17ABA /* Resources */,
			);
			buildRules = (
			);
			dependencies = (
				027E3F3A283759FC00F17ABA /* PBXTargetDependency */,
			);
			name = SecurePacketEnvelopeTests;
			productName = SecurePacketEnvelopeTests;
			productReference = 027E3F38283759FC00F17ABA /* SecurePacketEnvelopeTests.xctest */;
			productType = "com.apple.product-type.bundle.unit-test";
		};
		027E3F41283759FC00F17ABA /* SecurePacketEnvelopeUITests */ = {
			isa = PBXNativeTarget;
			buildConfigurationList = 027E3F52283759FC00F17ABA /* Build configuration list for PBXNativeTarget "SecurePacketEnvelopeUITests" */;
			buildPhases = (
				027E3F3E283759FC00F17ABA /* Sources */,
				027E3F3F283759FC00F17ABA /* Frameworks */,
				027E3F40283759FC00F17ABA /* Resources */,
			);
			buildRules = (
			);
			dependencies = (
				027E3F44283759FC00F17ABA /* PBXTargetDependency */,
			);
			name = SecurePacketEnvelopeUITests;
			productName = SecurePacketEnvelopeUITests;
			productReference = 027E3F42283759FC00F17ABA /* SecurePacketEnvelopeUITests.xctest */;
			productType = "com.apple.product-type.bundle.ui-testing";
		};
/* End PBXNativeTarget section */

/* Begin PBXProject section */
		027E3F1A283759FB00F17ABA /* Project object */ = {
			isa = PBXProject;
			attributes = {
				BuildIndependentTargetsInParallel = 1;
				LastSwiftUpdateCheck = 1330;
				LastUpgradeCheck = 1330;
				TargetAttributes = {
					027E3F21283759FB00F17ABA = {
						CreatedOnToolsVersion = 13.3;
					};
					027E3F37283759FC00F17ABA = {
						CreatedOnToolsVersion = 13.3;
						TestTargetID = 027E3F21283759FB00F17ABA;
					};
					027E3F41283759FC00F17ABA = {
						CreatedOnToolsVersion = 13.3;
						TestTargetID = 027E3F21283759FB00F17ABA;
					};
				};
			};
			buildConfigurationList = 027E3F1D283759FB00F17ABA /* Build configuration list for PBXProject "SecurePacketEnvelope" */;
			compatibilityVersion = "Xcode 13.0";
			developmentRegion = en;
			hasScannedForEncodings = 0;
			knownRegions = (
				en,
				Base,
			);
			mainGroup = 027E3F19283759FB00F17ABA;
			productRefGroup = 027E3F23283759FB00F17ABA /* Products */;
			projectDirPath = "";
			projectRoot = "";
			targets = (
				027E3F21283759FB00F17ABA /* SecurePacketEnvelope */,
				027E3F37283759FC00F17ABA /* SecurePacketEnvelopeTests */,
				027E3F41283759FC00F17ABA /* SecurePacketEnvelopeUITests */,
			);
		};
/* End PBXProject section */

/* Begin PBXResourcesBuildPhase section */
		027E3F20283759FB00F17ABA /* Resources */ = {
			isa = PBXResourcesBuildPhase;
			buildActionMask = 2147483647;
			files = (
				027E3F32283759FC00F17ABA /* LaunchScreen.storyboard in Resources */,
				027E3F2F283759FC00F17ABA /* Assets.xcassets in Resources */,
			);
			runOnlyForDeploymentPostprocessing = 0;
		};
		027E3F36283759FC00F17ABA /* Resources */ = {
			isa = PBXResourcesBuildPhase;
			buildActionMask = 2147483647;
			files = (
			);
			runOnlyForDeploymentPostprocessing = 0;
		};
		027E3F40283759FC00F17ABA /* Resources */ = {
			isa = PBXResourcesBuildPhase;
			buildActionMask = 2147483647;
			files = (
			);
			runOnlyForDeploymentPostprocessing = 0;
		};
/* End PBXResourcesBuildPhase section */

/* Begin PBXSourcesBuildPhase section */
		027E3F1E283759FB00F17ABA /* Sources */ = {
			isa = PBXSourcesBuildPhase;
			buildActionMask = 2147483647;
			files = (
				A873723128E1914B00EEADD1 /* RequestSecureEnvelop.swift in Sources */,
				A81701F3285073BF0034D102 /* RSAHelper.swift in Sources */,
				A8F029DA28DC3DEC00E0ECD2 /* DetailViewController.swift in Sources */,
				027E3F5628375A3800F17ABA /* MainViewController.swift in Sources */,
				A80BA4F928573784005D84F2 /* AESHelper.swift in Sources */,
				027E3F67283771A600F17ABA /* UserModel.swift in Sources */,
				A82929152841F14E0012ECF5 /* UITopAlignedLabel.swift in Sources */,
				027E3F26283759FB00F17ABA /* AppDelegate.swift in Sources */,
				A80184CA283B6BE60001BD68 /* Constants.swift in Sources */,
				A81DEF0F2855EE02008B2D38 /* MainView.swift in Sources */,
				027E3F28283759FB00F17ABA /* SceneDelegate.swift in Sources */,
				027E3F642837716000F17ABA /* Encodable + Extension.swift in Sources */,
				A8F029D828DC300800E0ECD2 /* DetailView.swift in Sources */,
				A8AB7BCA28D843F6005AB00B /* CryptoKeyGenerator.swift in Sources */,
				A844DD0728DAF3A9008873F8 /* RequestJsonModel.swift in Sources */,
				027E3F5D28375C2000F17ABA /* UserMockData.swift in Sources */,
				A80184C7283B6B4E0001BD68 /* MainViewModel.swift in Sources */,
				A80184CC283B6FFE0001BD68 /* Extension + TextField.swift in Sources */,
			);
			runOnlyForDeploymentPostprocessing = 0;
		};
		027E3F34283759FC00F17ABA /* Sources */ = {
			isa = PBXSourcesBuildPhase;
			buildActionMask = 2147483647;
			files = (
				027E3F3D283759FC00F17ABA /* SecurePacketEnvelopeTests.swift in Sources */,
			);
			runOnlyForDeploymentPostprocessing = 0;
		};
		027E3F3E283759FC00F17ABA /* Sources */ = {
			isa = PBXSourcesBuildPhase;
			buildActionMask = 2147483647;
			files = (
				027E3F47283759FC00F17ABA /* SecurePacketEnvelopeUITests.swift in Sources */,
				027E3F49283759FC00F17ABA /* SecurePacketEnvelopeUITestsLaunchTests.swift in Sources */,
			);
			runOnlyForDeploymentPostprocessing = 0;
		};
/* End PBXSourcesBuildPhase section */

/* Begin PBXTargetDependency section */
		027E3F3A283759FC00F17ABA /* PBXTargetDependency */ = {
			isa = PBXTargetDependency;
			target = 027E3F21283759FB00F17ABA /* SecurePacketEnvelope */;
			targetProxy = 027E3F39283759FC00F17ABA /* PBXContainerItemProxy */;
		};
		027E3F44283759FC00F17ABA /* PBXTargetDependency */ = {
			isa = PBXTargetDependency;
			target = 027E3F21283759FB00F17ABA /* SecurePacketEnvelope */;
			targetProxy = 027E3F43283759FC00F17ABA /* PBXContainerItemProxy */;
		};
/* End PBXTargetDependency section */

/* Begin PBXVariantGroup section */
		027E3F30283759FC00F17ABA /* LaunchScreen.storyboard */ = {
			isa = PBXVariantGroup;
			children = (
				027E3F31283759FC00F17ABA /* Base */,
			);
			name = LaunchScreen.storyboard;
			sourceTree = "<group>";
		};
/* End PBXVariantGroup section */

/* Begin XCBuildConfiguration section */
		027E3F4A283759FC00F17ABA /* Debug */ = {
			isa = XCBuildConfiguration;
			buildSettings = {
				ALWAYS_SEARCH_USER_PATHS = NO;
				CLANG_ANALYZER_NONNULL = YES;
				CLANG_ANALYZER_NUMBER_OBJECT_CONVERSION = YES_AGGRESSIVE;
				CLANG_CXX_LANGUAGE_STANDARD = "gnu++17";
				CLANG_ENABLE_MODULES = YES;
				CLANG_ENABLE_OBJC_ARC = YES;
				CLANG_ENABLE_OBJC_WEAK = YES;
				CLANG_WARN_BLOCK_CAPTURE_AUTORELEASING = YES;
				CLANG_WARN_BOOL_CONVERSION = YES;
				CLANG_WARN_COMMA = YES;
				CLANG_WARN_CONSTANT_CONVERSION = YES;
				CLANG_WARN_DEPRECATED_OBJC_IMPLEMENTATIONS = YES;
				CLANG_WARN_DIRECT_OBJC_ISA_USAGE = YES_ERROR;
				CLANG_WARN_DOCUMENTATION_COMMENTS = YES;
				CLANG_WARN_EMPTY_BODY = YES;
				CLANG_WARN_ENUM_CONVERSION = YES;
				CLANG_WARN_INFINITE_RECURSION = YES;
				CLANG_WARN_INT_CONVERSION = YES;
				CLANG_WARN_NON_LITERAL_NULL_CONVERSION = YES;
				CLANG_WARN_OBJC_IMPLICIT_RETAIN_SELF = YES;
				CLANG_WARN_OBJC_LITERAL_CONVERSION = YES;
				CLANG_WARN_OBJC_ROOT_CLASS = YES_ERROR;
				CLANG_WARN_QUOTED_INCLUDE_IN_FRAMEWORK_HEADER = YES;
				CLANG_WARN_RANGE_LOOP_ANALYSIS = YES;
				CLANG_WARN_STRICT_PROTOTYPES = YES;
				CLANG_WARN_SUSPICIOUS_MOVE = YES;
				CLANG_WARN_UNGUARDED_AVAILABILITY = YES_AGGRESSIVE;
				CLANG_WARN_UNREACHABLE_CODE = YES;
				CLANG_WARN__DUPLICATE_METHOD_MATCH = YES;
				COPY_PHASE_STRIP = NO;
				DEBUG_INFORMATION_FORMAT = dwarf;
				ENABLE_STRICT_OBJC_MSGSEND = YES;
				ENABLE_TESTABILITY = YES;
				GCC_C_LANGUAGE_STANDARD = gnu11;
				GCC_DYNAMIC_NO_PIC = NO;
				GCC_NO_COMMON_BLOCKS = YES;
				GCC_OPTIMIZATION_LEVEL = 0;
				GCC_PREPROCESSOR_DEFINITIONS = (
					"DEBUG=1",
					"$(inherited)",
				);
				GCC_WARN_64_TO_32_BIT_CONVERSION = YES;
				GCC_WARN_ABOUT_RETURN_TYPE = YES_ERROR;
				GCC_WARN_UNDECLARED_SELECTOR = YES;
				GCC_WARN_UNINITIALIZED_AUTOS = YES_AGGRESSIVE;
				GCC_WARN_UNUSED_FUNCTION = YES;
				GCC_WARN_UNUSED_VARIABLE = YES;
				IPHONEOS_DEPLOYMENT_TARGET = 15.4;
				MTL_ENABLE_DEBUG_INFO = INCLUDE_SOURCE;
				MTL_FAST_MATH = YES;
				ONLY_ACTIVE_ARCH = YES;
				SDKROOT = iphoneos;
				SWIFT_ACTIVE_COMPILATION_CONDITIONS = DEBUG;
				SWIFT_OPTIMIZATION_LEVEL = "-Onone";
			};
			name = Debug;
		};
		027E3F4B283759FC00F17ABA /* Release */ = {
			isa = XCBuildConfiguration;
			buildSettings = {
				ALWAYS_SEARCH_USER_PATHS = NO;
				CLANG_ANALYZER_NONNULL = YES;
				CLANG_ANALYZER_NUMBER_OBJECT_CONVERSION = YES_AGGRESSIVE;
				CLANG_CXX_LANGUAGE_STANDARD = "gnu++17";
				CLANG_ENABLE_MODULES = YES;
				CLANG_ENABLE_OBJC_ARC = YES;
				CLANG_ENABLE_OBJC_WEAK = YES;
				CLANG_WARN_BLOCK_CAPTURE_AUTORELEASING = YES;
				CLANG_WARN_BOOL_CONVERSION = YES;
				CLANG_WARN_COMMA = YES;
				CLANG_WARN_CONSTANT_CONVERSION = YES;
				CLANG_WARN_DEPRECATED_OBJC_IMPLEMENTATIONS = YES;
				CLANG_WARN_DIRECT_OBJC_ISA_USAGE = YES_ERROR;
				CLANG_WARN_DOCUMENTATION_COMMENTS = YES;
				CLANG_WARN_EMPTY_BODY = YES;
				CLANG_WARN_ENUM_CONVERSION = YES;
				CLANG_WARN_INFINITE_RECURSION = YES;
				CLANG_WARN_INT_CONVERSION = YES;
				CLANG_WARN_NON_LITERAL_NULL_CONVERSION = YES;
				CLANG_WARN_OBJC_IMPLICIT_RETAIN_SELF = YES;
				CLANG_WARN_OBJC_LITERAL_CONVERSION = YES;
				CLANG_WARN_OBJC_ROOT_CLASS = YES_ERROR;
				CLANG_WARN_QUOTED_INCLUDE_IN_FRAMEWORK_HEADER = YES;
				CLANG_WARN_RANGE_LOOP_ANALYSIS = YES;
				CLANG_WARN_STRICT_PROTOTYPES = YES;
				CLANG_WARN_SUSPICIOUS_MOVE = YES;
				CLANG_WARN_UNGUARDED_AVAILABILITY = YES_AGGRESSIVE;
				CLANG_WARN_UNREACHABLE_CODE = YES;
				CLANG_WARN__DUPLICATE_METHOD_MATCH = YES;
				COPY_PHASE_STRIP = NO;
				DEBUG_INFORMATION_FORMAT = "dwarf-with-dsym";
				ENABLE_NS_ASSERTIONS = NO;
				ENABLE_STRICT_OBJC_MSGSEND = YES;
				GCC_C_LANGUAGE_STANDARD = gnu11;
				GCC_NO_COMMON_BLOCKS = YES;
				GCC_WARN_64_TO_32_BIT_CONVERSION = YES;
				GCC_WARN_ABOUT_RETURN_TYPE = YES_ERROR;
				GCC_WARN_UNDECLARED_SELECTOR = YES;
				GCC_WARN_UNINITIALIZED_AUTOS = YES_AGGRESSIVE;
				GCC_WARN_UNUSED_FUNCTION = YES;
				GCC_WARN_UNUSED_VARIABLE = YES;
				IPHONEOS_DEPLOYMENT_TARGET = 15.4;
				MTL_ENABLE_DEBUG_INFO = NO;
				MTL_FAST_MATH = YES;
				SDKROOT = iphoneos;
				SWIFT_COMPILATION_MODE = wholemodule;
				SWIFT_OPTIMIZATION_LEVEL = "-O";
				VALIDATE_PRODUCT = YES;
			};
			name = Release;
		};
		027E3F4D283759FC00F17ABA /* Debug */ = {
			isa = XCBuildConfiguration;
			buildSettings = {
				ASSETCATALOG_COMPILER_APPICON_NAME = AppIcon;
				ASSETCATALOG_COMPILER_GLOBAL_ACCENT_COLOR_NAME = AccentColor;
				CODE_SIGN_STYLE = Automatic;
				CURRENT_PROJECT_VERSION = 1;
				DEVELOPMENT_TEAM = 3KZWVBAJSN;
				GENERATE_INFOPLIST_FILE = YES;
				INFOPLIST_FILE = SecurePacketEnvelope/Info.plist;
				INFOPLIST_KEY_UIApplicationSupportsIndirectInputEvents = YES;
				INFOPLIST_KEY_UILaunchStoryboardName = LaunchScreen;
				INFOPLIST_KEY_UISupportedInterfaceOrientations = UIInterfaceOrientationPortrait;
				IPHONEOS_DEPLOYMENT_TARGET = 13.0;
				LD_RUNPATH_SEARCH_PATHS = (
					"$(inherited)",
					"@executable_path/Frameworks",
				);
				MARKETING_VERSION = 1.0;
				PRODUCT_BUNDLE_IDENTIFIER = gravityapp.SecurePacketEnvelope;
				PRODUCT_NAME = "$(TARGET_NAME)";
				SUPPORTED_PLATFORMS = "iphoneos iphonesimulator";
				SUPPORTS_MACCATALYST = NO;
				SUPPORTS_MAC_DESIGNED_FOR_IPHONE_IPAD = NO;
				SWIFT_EMIT_LOC_STRINGS = YES;
				SWIFT_VERSION = 5.0;
				TARGETED_DEVICE_FAMILY = "1,2";
			};
			name = Debug;
		};
		027E3F4E283759FC00F17ABA /* Release */ = {
			isa = XCBuildConfiguration;
			buildSettings = {
				ASSETCATALOG_COMPILER_APPICON_NAME = AppIcon;
				ASSETCATALOG_COMPILER_GLOBAL_ACCENT_COLOR_NAME = AccentColor;
				CODE_SIGN_STYLE = Automatic;
				CURRENT_PROJECT_VERSION = 1;
				DEVELOPMENT_TEAM = 3KZWVBAJSN;
				GENERATE_INFOPLIST_FILE = YES;
				INFOPLIST_FILE = SecurePacketEnvelope/Info.plist;
				INFOPLIST_KEY_UIApplicationSupportsIndirectInputEvents = YES;
				INFOPLIST_KEY_UILaunchStoryboardName = LaunchScreen;
				INFOPLIST_KEY_UISupportedInterfaceOrientations = UIInterfaceOrientationPortrait;
				IPHONEOS_DEPLOYMENT_TARGET = 13.0;
				LD_RUNPATH_SEARCH_PATHS = (
					"$(inherited)",
					"@executable_path/Frameworks",
				);
				MARKETING_VERSION = 1.0;
				PRODUCT_BUNDLE_IDENTIFIER = gravityapp.SecurePacketEnvelope;
				PRODUCT_NAME = "$(TARGET_NAME)";
				SUPPORTED_PLATFORMS = "iphoneos iphonesimulator";
				SUPPORTS_MACCATALYST = NO;
				SUPPORTS_MAC_DESIGNED_FOR_IPHONE_IPAD = NO;
				SWIFT_EMIT_LOC_STRINGS = YES;
				SWIFT_VERSION = 5.0;
				TARGETED_DEVICE_FAMILY = "1,2";
			};
			name = Release;
		};
		027E3F50283759FC00F17ABA /* Debug */ = {
			isa = XCBuildConfiguration;
			buildSettings = {
				ALWAYS_EMBED_SWIFT_STANDARD_LIBRARIES = YES;
				BUNDLE_LOADER = "$(TEST_HOST)";
				CODE_SIGN_STYLE = Automatic;
				CURRENT_PROJECT_VERSION = 1;
				DEVELOPMENT_TEAM = 3KZWVBAJSN;
				GENERATE_INFOPLIST_FILE = YES;
				IPHONEOS_DEPLOYMENT_TARGET = 15.4;
				MARKETING_VERSION = 1.0;
				PRODUCT_BUNDLE_IDENTIFIER = gravityapp.SecurePacketEnvelopeTests;
				PRODUCT_NAME = "$(TARGET_NAME)";
				SWIFT_EMIT_LOC_STRINGS = NO;
				SWIFT_VERSION = 5.0;
				TARGETED_DEVICE_FAMILY = "1,2";
				TEST_HOST = "$(BUILT_PRODUCTS_DIR)/SecurePacketEnvelope.app/SecurePacketEnvelope";
			};
			name = Debug;
		};
		027E3F51283759FC00F17ABA /* Release */ = {
			isa = XCBuildConfiguration;
			buildSettings = {
				ALWAYS_EMBED_SWIFT_STANDARD_LIBRARIES = YES;
				BUNDLE_LOADER = "$(TEST_HOST)";
				CODE_SIGN_STYLE = Automatic;
				CURRENT_PROJECT_VERSION = 1;
				DEVELOPMENT_TEAM = 3KZWVBAJSN;
				GENERATE_INFOPLIST_FILE = YES;
				IPHONEOS_DEPLOYMENT_TARGET = 15.4;
				MARKETING_VERSION = 1.0;
				PRODUCT_BUNDLE_IDENTIFIER = gravityapp.SecurePacketEnvelopeTests;
				PRODUCT_NAME = "$(TARGET_NAME)";
				SWIFT_EMIT_LOC_STRINGS = NO;
				SWIFT_VERSION = 5.0;
				TARGETED_DEVICE_FAMILY = "1,2";
				TEST_HOST = "$(BUILT_PRODUCTS_DIR)/SecurePacketEnvelope.app/SecurePacketEnvelope";
			};
			name = Release;
		};
		027E3F53283759FC00F17ABA /* Debug */ = {
			isa = XCBuildConfiguration;
			buildSettings = {
				ALWAYS_EMBED_SWIFT_STANDARD_LIBRARIES = YES;
				CODE_SIGN_STYLE = Automatic;
				CURRENT_PROJECT_VERSION = 1;
				DEVELOPMENT_TEAM = 3KZWVBAJSN;
				GENERATE_INFOPLIST_FILE = YES;
				MARKETING_VERSION = 1.0;
				PRODUCT_BUNDLE_IDENTIFIER = gravityapp.SecurePacketEnvelopeUITests;
				PRODUCT_NAME = "$(TARGET_NAME)";
				SWIFT_EMIT_LOC_STRINGS = NO;
				SWIFT_VERSION = 5.0;
				TARGETED_DEVICE_FAMILY = "1,2";
				TEST_TARGET_NAME = SecurePacketEnvelope;
			};
			name = Debug;
		};
		027E3F54283759FC00F17ABA /* Release */ = {
			isa = XCBuildConfiguration;
			buildSettings = {
				ALWAYS_EMBED_SWIFT_STANDARD_LIBRARIES = YES;
				CODE_SIGN_STYLE = Automatic;
				CURRENT_PROJECT_VERSION = 1;
				DEVELOPMENT_TEAM = 3KZWVBAJSN;
				GENERATE_INFOPLIST_FILE = YES;
				MARKETING_VERSION = 1.0;
				PRODUCT_BUNDLE_IDENTIFIER = gravityapp.SecurePacketEnvelopeUITests;
				PRODUCT_NAME = "$(TARGET_NAME)";
				SWIFT_EMIT_LOC_STRINGS = NO;
				SWIFT_VERSION = 5.0;
				TARGETED_DEVICE_FAMILY = "1,2";
				TEST_TARGET_NAME = SecurePacketEnvelope;
			};
			name = Release;
		};
/* End XCBuildConfiguration section */

/* Begin XCConfigurationList section */
		027E3F1D283759FB00F17ABA /* Build configuration list for PBXProject "SecurePacketEnvelope" */ = {
			isa = XCConfigurationList;
			buildConfigurations = (
				027E3F4A283759FC00F17ABA /* Debug */,
				027E3F4B283759FC00F17ABA /* Release */,
			);
			defaultConfigurationIsVisible = 0;
			defaultConfigurationName = Release;
		};
		027E3F4C283759FC00F17ABA /* Build configuration list for PBXNativeTarget "SecurePacketEnvelope" */ = {
			isa = XCConfigurationList;
			buildConfigurations = (
				027E3F4D283759FC00F17ABA /* Debug */,
				027E3F4E283759FC00F17ABA /* Release */,
			);
			defaultConfigurationIsVisible = 0;
			defaultConfigurationName = Release;
		};
		027E3F4F283759FC00F17ABA /* Build configuration list for PBXNativeTarget "SecurePacketEnvelopeTests" */ = {
			isa = XCConfigurationList;
			buildConfigurations = (
				027E3F50283759FC00F17ABA /* Debug */,
				027E3F51283759FC00F17ABA /* Release */,
			);
			defaultConfigurationIsVisible = 0;
			defaultConfigurationName = Release;
		};
		027E3F52283759FC00F17ABA /* Build configuration list for PBXNativeTarget "SecurePacketEnvelopeUITests" */ = {
			isa = XCConfigurationList;
			buildConfigurations = (
				027E3F53283759FC00F17ABA /* Debug */,
				027E3F54283759FC00F17ABA /* Release */,
			);
			defaultConfigurationIsVisible = 0;
			defaultConfigurationName = Release;
		};
/* End XCConfigurationList section */
	};
	rootObject = 027E3F1A283759FB00F17ABA /* Project object */;
}
